
Microsoft Visual Studio Solution File, Format Version 12.00
# Visual Studio 14
VisualStudioVersion = 14.0.23107.0
MinimumVisualStudioVersion = 10.0.40219.1
Project("{FAE04EC0-301F-11D3-BF4B-00C04F79EFBC}") = "serial_tst", "serial_tst\serial_tst.csproj", "{3CE9DC4E-C369-4024-8D3F-43829422836B}"
EndProject
Global
	GlobalSection(SolutionConfigurationPlatforms) = preSolution
		Debug|x86 = Debug|x86
		Release|x86 = Release|x86
		Description = 
	EndGlobalSection
	GlobalSection(ProjectConfigurationPlatforms) = postSolution
		{3CE9DC4E-C369-4024-8D3F-43829422836B}.Debug|x86.ActiveCfg = Debug|x86
		{3CE9DC4E-C369-4024-8D3F-43829422836B}.Debug|x86.Build.0 = Debug|x86
		{3CE9DC4E-C369-4024-8D3F-43829422836B}.Release|x86.ActiveCfg = Release|x86
		{3CE9DC4E-C369-4024-8D3F-43829422836B}.Release|x86.Build.0 = Release|x86
	EndGlobalSection
	GlobalSection(SolutionProperties) = preSolution
		HideSolutionNode = FALSE
	EndGlobalSection
EndGlobal
